
Microsoft Visual Studio Solution File, Format Version 12.00
# Visual Studio 15
VisualStudioVersion = 15.0.28307.779
MinimumVisualStudioVersion = 10.0.40219.1
Project("{FAE04EC0-301F-11D3-BF4B-00C04F79EFBC}") = "MazeClasses", "ClassLibrary1\MazeClasses.csproj", "{3F1B55FA-BEF0-435E-95E1-4CABDE05F320}"
EndProject
Project("{FAE04EC0-301F-11D3-BF4B-00C04F79EFBC}") = "MazeApp", "NEAApp.App\MazeApp.csproj", "{36FFCFE7-FEFF-40BE-93FF-BE16D87B85D9}"
EndProject
Project("{2150E333-8FDC-42A3-9474-1A3956D46DE8}") = "Solution Items", "Solution Items", "{9145CF5C-239C-45EA-AB29-C8959DA86682}"
	ProjectSection(SolutionItems) = preProject
		Explanation of Code.txt = Explanation of Code.txt
		Rules for Functionality.txt = Rules for Functionality.txt
	EndProjectSection
EndProject
Global
	GlobalSection(SolutionConfigurationPlatforms) = preSolution
		Debug|Any CPU = Debug|Any CPU
		Release|Any CPU = Release|Any CPU
	EndGlobalSection
	GlobalSection(ProjectConfigurationPlatforms) = postSolution
		{3F1B55FA-BEF0-435E-95E1-4CABDE05F320}.Debug|Any CPU.ActiveCfg = Debug|Any CPU
		{3F1B55FA-BEF0-435E-95E1-4CABDE05F320}.Debug|Any CPU.Build.0 = Debug|Any CPU
		{3F1B55FA-BEF0-435E-95E1-4CABDE05F320}.Release|Any CPU.ActiveCfg = Release|Any CPU
		{3F1B55FA-BEF0-435E-95E1-4CABDE05F320}.Release|Any CPU.Build.0 = Release|Any CPU
		{36FFCFE7-FEFF-40BE-93FF-BE16D87B85D9}.Debug|Any CPU.ActiveCfg = Debug|Any CPU
		{36FFCFE7-FEFF-40BE-93FF-BE16D87B85D9}.Debug|Any CPU.Build.0 = Debug|Any CPU
		{36FFCFE7-FEFF-40BE-93FF-BE16D87B85D9}.Release|Any CPU.ActiveCfg = Release|Any CPU
		{36FFCFE7-FEFF-40BE-93FF-BE16D87B85D9}.Release|Any CPU.Build.0 = Release|Any CPU
	EndGlobalSection
	GlobalSection(SolutionProperties) = preSolution
		HideSolutionNode = FALSE
	EndGlobalSection
	GlobalSection(ExtensibilityGlobals) = postSolution
		SolutionGuid = {3520894E-CE7C-4A3E-B47D-63B5D47087A5}
	EndGlobalSection
EndGlobal
